
Microsoft Visual Studio Solution File, Format Version 12.00
# Visual Studio Version 17
VisualStudioVersion = 17.8.34309.116
MinimumVisualStudioVersion = 10.0.40219.1
Project("{FAE04EC0-301F-11D3-BF4B-00C04F79EFBC}") = "#13 metody", "#13 metody.csproj", "{CECF2936-00F7-4126-AED6-602BB87A73BE}"
EndProject
Global
	GlobalSection(SolutionConfigurationPlatforms) = preSolution
		Debug|Any CPU = Debug|Any CPU
		Release|Any CPU = Release|Any CPU
	EndGlobalSection
	GlobalSection(ProjectConfigurationPlatforms) = postSolution
		{CECF2936-00F7-4126-AED6-602BB87A73BE}.Debug|Any CPU.ActiveCfg = Debug|Any CPU
		{CECF2936-00F7-4126-AED6-602BB87A73BE}.Debug|Any CPU.Build.0 = Debug|Any CPU
		{CECF2936-00F7-4126-AED6-602BB87A73BE}.Release|Any CPU.ActiveCfg = Release|Any CPU
		{CECF2936-00F7-4126-AED6-602BB87A73BE}.Release|Any CPU.Build.0 = Release|Any CPU
	EndGlobalSection
	GlobalSection(SolutionProperties) = preSolution
		HideSolutionNode = FALSE
	EndGlobalSection
	GlobalSection(ExtensibilityGlobals) = postSolution
		SolutionGuid = {281B9F21-7C09-4563-A855-CA44BED3B909}
	EndGlobalSection
EndGlobal
